#include <iostream>

using namespace std;

int eleman, sayi;
double HarOrt, toplam, deger;
int* arr = new int[eleman];
double HarmonikOrtalama(int st, int nd);
void obs(int* arr, const int* eleman, double& ortalama);


int main() {

	cout << "Dizinin eleman sayisini giriniz : ";
	cin >> eleman;
	cout << endl;


	for (int i = 0; i < eleman; i++) {

		cout << "Dizinin " << i << ". index degerini giriniz :";
		cin >> arr[i];
	}

	cout << endl << "Olusturulan Dizi : ";
	for (int i = 0; i < eleman; i++) {

		cout << arr[i] << " ";
		int* p = &arr[i];
	}

	cout << endl << endl;

	int* p = &arr[0];
	int* e = &eleman;

	HarmonikOrtalama(*p, *e);
	obs(arr, &eleman, HarOrt);

}

double HarmonikOrtalama(int st, int nd) {

	for (int i = 0; i < eleman; i++) {

		toplam += (static_cast<double>(1) / arr[i]);

	}
	HarOrt = eleman / toplam;
	cout << "Dizinin Degerlerinin Ortalamasi : " << (double)HarOrt << endl << endl;
	return 0;

}

void obs(int* arr, const int* eleman, double& ortalama) {
	cout << "Dizinin Harmonik Ortalamasindan Buyuk Olan Elemanlar : ";
	for (int i = 0; i < *eleman; i++) {
		if (arr[i] > ortalama) {
			cout << arr[i] << " , ";
		}
	}
	cout << endl;
}
